
Microsoft Visual Studio Solution File, Format Version 12.00
# Visual Studio Version 17
VisualStudioVersion = 17.9.34622.214
MinimumVisualStudioVersion = 10.0.40219.1
Project("{9A19103F-16F7-4668-BE54-9A1E7A4F7556}") = "Palantiri.Rest", "Palantiri.Rest\Palantiri.Rest.csproj", "{F76A818A-0A20-43E9-A1AF-1B46E39B3043}"
EndProject
Project("{E53339B2-1760-4266-BCC7-CA923CBCF16C}") = "docker-compose", "docker-compose.dcproj", "{5A45D03D-B806-4604-B883-CEB3427D81E9}"
EndProject
Project("{FAE04EC0-301F-11D3-BF4B-00C04F79EFBC}") = "Palantiri.Shared", "Palantiri.Shared\Palantiri.Shared.csproj", "{46FCC7BF-28C3-4FFE-9901-1D1A5FF9FE53}"
EndProject
Global
	GlobalSection(SolutionConfigurationPlatforms) = preSolution
		Debug|Any CPU = Debug|Any CPU
		Release|Any CPU = Release|Any CPU
	EndGlobalSection
	GlobalSection(ProjectConfigurationPlatforms) = postSolution
		{F76A818A-0A20-43E9-A1AF-1B46E39B3043}.Debug|Any CPU.ActiveCfg = Debug|Any CPU
		{F76A818A-0A20-43E9-A1AF-1B46E39B3043}.Debug|Any CPU.Build.0 = Debug|Any CPU
		{F76A818A-0A20-43E9-A1AF-1B46E39B3043}.Release|Any CPU.ActiveCfg = Release|Any CPU
		{F76A818A-0A20-43E9-A1AF-1B46E39B3043}.Release|Any CPU.Build.0 = Release|Any CPU
		{5A45D03D-B806-4604-B883-CEB3427D81E9}.Debug|Any CPU.ActiveCfg = Debug|Any CPU
		{5A45D03D-B806-4604-B883-CEB3427D81E9}.Debug|Any CPU.Build.0 = Debug|Any CPU
		{5A45D03D-B806-4604-B883-CEB3427D81E9}.Release|Any CPU.ActiveCfg = Release|Any CPU
		{5A45D03D-B806-4604-B883-CEB3427D81E9}.Release|Any CPU.Build.0 = Release|Any CPU
		{46FCC7BF-28C3-4FFE-9901-1D1A5FF9FE53}.Debug|Any CPU.ActiveCfg = Debug|Any CPU
		{46FCC7BF-28C3-4FFE-9901-1D1A5FF9FE53}.Debug|Any CPU.Build.0 = Debug|Any CPU
		{46FCC7BF-28C3-4FFE-9901-1D1A5FF9FE53}.Release|Any CPU.ActiveCfg = Release|Any CPU
		{46FCC7BF-28C3-4FFE-9901-1D1A5FF9FE53}.Release|Any CPU.Build.0 = Release|Any CPU
	EndGlobalSection
	GlobalSection(SolutionProperties) = preSolution
		HideSolutionNode = FALSE
	EndGlobalSection
	GlobalSection(ExtensibilityGlobals) = postSolution
		SolutionGuid = {39B8618A-2D44-4B3B-82FF-3B59D78887C6}
	EndGlobalSection
EndGlobal
